
Microsoft Visual Studio Solution File, Format Version 12.00
# Visual Studio Version 16
VisualStudioVersion = 16.0.32901.82
MinimumVisualStudioVersion = 10.0.40219.1
Project("{FAE04EC0-301F-11D3-BF4B-00C04F79EFBC}") = "programus", "programus\programus.csproj", "{579CCF06-FA88-4553-9304-8F142A9BA07A}"
EndProject
Global
	GlobalSection(SolutionConfigurationPlatforms) = preSolution
		Debug|Any CPU = Debug|Any CPU
		Release|Any CPU = Release|Any CPU
	EndGlobalSection
	GlobalSection(ProjectConfigurationPlatforms) = postSolution
		{579CCF06-FA88-4553-9304-8F142A9BA07A}.Debug|Any CPU.ActiveCfg = Debug|Any CPU
		{579CCF06-FA88-4553-9304-8F142A9BA07A}.Debug|Any CPU.Build.0 = Debug|Any CPU
		{579CCF06-FA88-4553-9304-8F142A9BA07A}.Release|Any CPU.ActiveCfg = Release|Any CPU
		{579CCF06-FA88-4553-9304-8F142A9BA07A}.Release|Any CPU.Build.0 = Release|Any CPU
	EndGlobalSection
	GlobalSection(SolutionProperties) = preSolution
		HideSolutionNode = FALSE
	EndGlobalSection
	GlobalSection(ExtensibilityGlobals) = postSolution
		SolutionGuid = {6BB44EE1-0206-4EA0-B36D-7C13949E3446}
	EndGlobalSection
EndGlobal
